
Microsoft Visual Studio Solution File, Format Version 12.00
# Visual Studio 15
VisualStudioVersion = 15.0.27130.2026
MinimumVisualStudioVersion = 10.0.40219.1
Project("{FAE04EC0-301F-11D3-BF4B-00C04F79EFBC}") = "BlogUi", "BlogUi\BlogUi.csproj", "{4A5942AF-C454-40CE-868A-F84CA1536037}"
EndProject
Global
	GlobalSection(SolutionConfigurationPlatforms) = preSolution
		Debug|Any CPU = Debug|Any CPU
		Release|Any CPU = Release|Any CPU
	EndGlobalSection
	GlobalSection(ProjectConfigurationPlatforms) = postSolution
		{4A5942AF-C454-40CE-868A-F84CA1536037}.Debug|Any CPU.ActiveCfg = Debug|Any CPU
		{4A5942AF-C454-40CE-868A-F84CA1536037}.Debug|Any CPU.Build.0 = Debug|Any CPU
		{4A5942AF-C454-40CE-868A-F84CA1536037}.Release|Any CPU.ActiveCfg = Release|Any CPU
		{4A5942AF-C454-40CE-868A-F84CA1536037}.Release|Any CPU.Build.0 = Release|Any CPU
	EndGlobalSection
	GlobalSection(SolutionProperties) = preSolution
		HideSolutionNode = FALSE
	EndGlobalSection
	GlobalSection(ExtensibilityGlobals) = postSolution
		SolutionGuid = {05A504C7-5FD9-4B54-B68D-1C37FAE08E35}
	EndGlobalSection
EndGlobal
